
Microsoft Visual Studio Solution File, Format Version 12.00
# Visual Studio Version 17
VisualStudioVersion = 17.9.34622.214
MinimumVisualStudioVersion = 10.0.40219.1
Project("{FAE04EC0-301F-11D3-BF4B-00C04F79EFBC}") = "back-end", "back-end\back-end.csproj", "{2A06C2E3-5AFB-4AE3-B60B-7D536C1B140D}"
EndProject
Global
	GlobalSection(SolutionConfigurationPlatforms) = preSolution
		Debug|Any CPU = Debug|Any CPU
		Release|Any CPU = Release|Any CPU
	EndGlobalSection
	GlobalSection(ProjectConfigurationPlatforms) = postSolution
		{2A06C2E3-5AFB-4AE3-B60B-7D536C1B140D}.Debug|Any CPU.ActiveCfg = Debug|Any CPU
		{2A06C2E3-5AFB-4AE3-B60B-7D536C1B140D}.Debug|Any CPU.Build.0 = Debug|Any CPU
		{2A06C2E3-5AFB-4AE3-B60B-7D536C1B140D}.Release|Any CPU.ActiveCfg = Release|Any CPU
		{2A06C2E3-5AFB-4AE3-B60B-7D536C1B140D}.Release|Any CPU.Build.0 = Release|Any CPU
	EndGlobalSection
	GlobalSection(SolutionProperties) = preSolution
		HideSolutionNode = FALSE
	EndGlobalSection
	GlobalSection(ExtensibilityGlobals) = postSolution
		SolutionGuid = {6C0B4CFC-E6BB-4D57-8C2D-CC78CE461174}
	EndGlobalSection
EndGlobal
